
Microsoft Visual Studio Solution File, Format Version 12.00
# Visual Studio 15
VisualStudioVersion = 15.0.26403.7
MinimumVisualStudioVersion = 10.0.40219.1
Project("{FAE04EC0-301F-11D3-BF4B-00C04F79EFBC}") = "CircularProgressBarApp", "CircularProgressBar\CircularProgressBarApp.csproj", "{9F2E3F63-513A-4F87-B839-8B0136B1039A}"
EndProject
Global
	GlobalSection(SolutionConfigurationPlatforms) = preSolution
		Debug|Any CPU = Debug|Any CPU
		Release|Any CPU = Release|Any CPU
	EndGlobalSection
	GlobalSection(ProjectConfigurationPlatforms) = postSolution
		{9F2E3F63-513A-4F87-B839-8B0136B1039A}.Debug|Any CPU.ActiveCfg = Debug|Any CPU
		{9F2E3F63-513A-4F87-B839-8B0136B1039A}.Debug|Any CPU.Build.0 = Debug|Any CPU
		{9F2E3F63-513A-4F87-B839-8B0136B1039A}.Release|Any CPU.ActiveCfg = Release|Any CPU
		{9F2E3F63-513A-4F87-B839-8B0136B1039A}.Release|Any CPU.Build.0 = Release|Any CPU
	EndGlobalSection
	GlobalSection(SolutionProperties) = preSolution
		HideSolutionNode = FALSE
	EndGlobalSection
EndGlobal
